// !$*UTF8*$!
{
	archiveVersion = 1;
	classes = {
	};
	objectVersion = 46;
	objects = {

/* Begin PBXBuildFile section */
		9327C101132EC47C00124B15 /* UIKit.framework in Frameworks */ = {isa = PBXBuildFile; fileRef = 9327C100132EC47C00124B15 /* UIKit.framework */; };
		9327C103132EC47C00124B15 /* Foundation.framework in Frameworks */ = {isa = PBXBuildFile; fileRef = 9327C102132EC47C00124B15 /* Foundation.framework */; };
		9327C105132EC47C00124B15 /* CoreGraphics.framework in Frameworks */ = {isa = PBXBuildFile; fileRef = 9327C104132EC47C00124B15 /* CoreGraphics.framework */; };
		9327C10B132EC47C00124B15 /* InfoPlist.strings in Resources */ = {isa = PBXBuildFile; fileRef = 9327C109132EC47C00124B15 /* InfoPlist.strings */; };
		9327C10E132EC47C00124B15 /* main.m in Sources */ = {isa = PBXBuildFile; fileRef = 9327C10D132EC47C00124B15 /* main.m */; };
		9327C111132EC47C00124B15 /* StackPanelAppDelegate.m in Sources */ = {isa = PBXBuildFile; fileRef = 9327C110132EC47C00124B15 /* StackPanelAppDelegate.m */; };
		9327C114132EC47C00124B15 /* MainWindow.xib in Resources */ = {isa = PBXBuildFile; fileRef = 9327C112132EC47C00124B15 /* MainWindow.xib */; };
		9327C11C132EC4A800124B15 /* StackPanel.m in Sources */ = {isa = PBXBuildFile; fileRef = 9327C11B132EC4A800124B15 /* StackPanel.m */; };
/* End PBXBuildFile section */

/* Begin PBXFileReference section */
		9327C0FC132EC47C00124B15 /* StackPanel.app */ = {isa = PBXFileReference; explicitFileType = wrapper.application; includeInIndex = 0; path = StackPanel.app; sourceTree = BUILT_PRODUCTS_DIR; };
		9327C100132EC47C00124B15 /* UIKit.framework */ = {isa = PBXFileReference; lastKnownFileType = wrapper.framework; name = UIKit.framework; path = System/Library/Frameworks/UIKit.framework; sourceTree = SDKROOT; };
		9327C102132EC47C00124B15 /* Foundation.framework */ = {isa = PBXFileReference; lastKnownFileType = wrapper.framework; name = Foundation.framework; path = System/Library/Frameworks/Foundation.framework; sourceTree = SDKROOT; };
		9327C104132EC47C00124B15 /* CoreGraphics.framework */ = {isa = PBXFileReference; lastKnownFileType = wrapper.framework; name = CoreGraphics.framework; path = System/Library/Frameworks/CoreGraphics.framework; sourceTree = SDKROOT; };
		9327C108132EC47C00124B15 /* StackPanel-Info.plist */ = {isa = PBXFileReference; lastKnownFileType = text.plist.xml; path = "StackPanel-Info.plist"; sourceTree = "<group>"; };
		9327C10A132EC47C00124B15 /* en */ = {isa = PBXFileReference; lastKnownFileType = text.plist.strings; name = en; path = en.lproj/InfoPlist.strings; sourceTree = "<group>"; };
		9327C10C132EC47C00124B15 /* StackPanel-Prefix.pch */ = {isa = PBXFileReference; lastKnownFileType = sourcecode.c.h; path = "StackPanel-Prefix.pch"; sourceTree = "<group>"; };
		9327C10D132EC47C00124B15 /* main.m */ = {isa = PBXFileReference; lastKnownFileType = sourcecode.c.objc; path = main.m; sourceTree = "<group>"; };
		9327C10F132EC47C00124B15 /* StackPanelAppDelegate.h */ = {isa = PBXFileReference; lastKnownFileType = sourcecode.c.h; path = StackPanelAppDelegate.h; sourceTree = "<group>"; };
		9327C110132EC47C00124B15 /* StackPanelAppDelegate.m */ = {isa = PBXFileReference; lastKnownFileType = sourcecode.c.objc; path = StackPanelAppDelegate.m; sourceTree = "<group>"; };
		9327C113132EC47C00124B15 /* en */ = {isa = PBXFileReference; lastKnownFileType = file.xib; name = en; path = en.lproj/MainWindow.xib; sourceTree = "<group>"; };
		9327C11A132EC4A800124B15 /* StackPanel.h */ = {isa = PBXFileReference; fileEncoding = 4; lastKnownFileType = sourcecode.c.h; path = StackPanel.h; sourceTree = "<group>"; };
		9327C11B132EC4A800124B15 /* StackPanel.m */ = {isa = PBXFileReference; fileEncoding = 4; lastKnownFileType = sourcecode.c.objc; path = StackPanel.m; sourceTree = "<group>"; };
/* End PBXFileReference section */

/* Begin PBXFrameworksBuildPhase section */
		9327C0F9132EC47C00124B15 /* Frameworks */ = {
			isa = PBXFrameworksBuildPhase;
			buildActionMask = 2147483647;
			files = (
				9327C101132EC47C00124B15 /* UIKit.framework in Frameworks */,
				9327C103132EC47C00124B15 /* Foundation.framework in Frameworks */,
				9327C105132EC47C00124B15 /* CoreGraphics.framework in Frameworks */,
			);
			runOnlyForDeploymentPostprocessing = 0;
		};
/* End PBXFrameworksBuildPhase section */

/* Begin PBXGroup section */
		9327C0F1132EC47B00124B15 = {
			isa = PBXGroup;
			children = (
				9327C106132EC47C00124B15 /* StackPanel */,
				9327C0FF132EC47C00124B15 /* Frameworks */,
				9327C0FD132EC47C00124B15 /* Products */,
			);
			sourceTree = "<group>";
		};
		9327C0FD132EC47C00124B15 /* Products */ = {
			isa = PBXGroup;
			children = (
				9327C0FC132EC47C00124B15 /* StackPanel.app */,
			);
			name = Products;
			sourceTree = "<group>";
		};
		9327C0FF132EC47C00124B15 /* Frameworks */ = {
			isa = PBXGroup;
			children = (
				9327C100132EC47C00124B15 /* UIKit.framework */,
				9327C102132EC47C00124B15 /* Foundation.framework */,
				9327C104132EC47C00124B15 /* CoreGraphics.framework */,
			);
			name = Frameworks;
			sourceTree = "<group>";
		};
		9327C106132EC47C00124B15 /* StackPanel */ = {
			isa = PBXGroup;
			children = (
				9327C10F132EC47C00124B15 /* StackPanelAppDelegate.h */,
				9327C110132EC47C00124B15 /* StackPanelAppDelegate.m */,
				9327C112132EC47C00124B15 /* MainWindow.xib */,
				9327C107132EC47C00124B15 /* Supporting Files */,
				9327C11A132EC4A800124B15 /* StackPanel.h */,
				9327C11B132EC4A800124B15 /* StackPanel.m */,
			);
			path = StackPanel;
			sourceTree = "<group>";
		};
		9327C107132EC47C00124B15 /* Supporting Files */ = {
			isa = PBXGroup;
			children = (
				9327C108132EC47C00124B15 /* StackPanel-Info.plist */,
				9327C109132EC47C00124B15 /* InfoPlist.strings */,
				9327C10C132EC47C00124B15 /* StackPanel-Prefix.pch */,
				9327C10D132EC47C00124B15 /* main.m */,
			);
			name = "Supporting Files";
			sourceTree = "<group>";
		};
/* End PBXGroup section */

/* Begin PBXNativeTarget section */
		9327C0FB132EC47C00124B15 /* StackPanel */ = {
			isa = PBXNativeTarget;
			buildConfigurationList = 9327C117132EC47C00124B15 /* Build configuration list for PBXNativeTarget "StackPanel" */;
			buildPhases = (
				9327C0F8132EC47C00124B15 /* Sources */,
				9327C0F9132EC47C00124B15 /* Frameworks */,
				9327C0FA132EC47C00124B15 /* Resources */,
			);
			buildRules = (
			);
			dependencies = (
			);
			name = StackPanel;
			productName = StackPanel;
			productReference = 9327C0FC132EC47C00124B15 /* StackPanel.app */;
			productType = "com.apple.product-type.application";
		};
/* End PBXNativeTarget section */

/* Begin PBXProject section */
		9327C0F3132EC47B00124B15 /* Project object */ = {
			isa = PBXProject;
			attributes = {
				ORGANIZATIONNAME = "Structlab LLC";
			};
			buildConfigurationList = 9327C0F6132EC47B00124B15 /* Build configuration list for PBXProject "StackPanel" */;
			compatibilityVersion = "Xcode 3.2";
			developmentRegion = English;
			hasScannedForEncodings = 0;
			knownRegions = (
				en,
			);
			mainGroup = 9327C0F1132EC47B00124B15;
			productRefGroup = 9327C0FD132EC47C00124B15 /* Products */;
			projectDirPath = "";
			projectRoot = "";
			targets = (
				9327C0FB132EC47C00124B15 /* StackPanel */,
			);
		};
/* End PBXProject section */

/* Begin PBXResourcesBuildPhase section */
		9327C0FA132EC47C00124B15 /* Resources */ = {
			isa = PBXResourcesBuildPhase;
			buildActionMask = 2147483647;
			files = (
				9327C10B132EC47C00124B15 /* InfoPlist.strings in Resources */,
				9327C114132EC47C00124B15 /* MainWindow.xib in Resources */,
			);
			runOnlyForDeploymentPostprocessing = 0;
		};
/* End PBXResourcesBuildPhase section */

/* Begin PBXSourcesBuildPhase section */
		9327C0F8132EC47C00124B15 /* Sources */ = {
			isa = PBXSourcesBuildPhase;
			buildActionMask = 2147483647;
			files = (
				9327C10E132EC47C00124B15 /* main.m in Sources */,
				9327C111132EC47C00124B15 /* StackPanelAppDelegate.m in Sources */,
				9327C11C132EC4A800124B15 /* StackPanel.m in Sources */,
			);
			runOnlyForDeploymentPostprocessing = 0;
		};
/* End PBXSourcesBuildPhase section */

/* Begin PBXVariantGroup section */
		9327C109132EC47C00124B15 /* InfoPlist.strings */ = {
			isa = PBXVariantGroup;
			children = (
				9327C10A132EC47C00124B15 /* en */,
			);
			name = InfoPlist.strings;
			sourceTree = "<group>";
		};
		9327C112132EC47C00124B15 /* MainWindow.xib */ = {
			isa = PBXVariantGroup;
			children = (
				9327C113132EC47C00124B15 /* en */,
			);
			name = MainWindow.xib;
			sourceTree = "<group>";
		};
/* End PBXVariantGroup section */

/* Begin XCBuildConfiguration section */
		9327C115132EC47C00124B15 /* Debug */ = {
			isa = XCBuildConfiguration;
			buildSettings = {
				ARCHS = "$(ARCHS_STANDARD_32_BIT)";
				"CODE_SIGN_IDENTITY[sdk=iphoneos*]" = "iPhone Developer";
				GCC_C_LANGUAGE_STANDARD = gnu99;
				GCC_OPTIMIZATION_LEVEL = 0;
				GCC_PREPROCESSOR_DEFINITIONS = DEBUG;
				GCC_SYMBOLS_PRIVATE_EXTERN = NO;
				GCC_VERSION = com.apple.compilers.llvmgcc42;
				GCC_WARN_ABOUT_RETURN_TYPE = YES;
				GCC_WARN_UNUSED_VARIABLE = YES;
				IPHONEOS_DEPLOYMENT_TARGET = 4.3;
				SDKROOT = iphoneos;
			};
			name = Debug;
		};
		9327C116132EC47C00124B15 /* Release */ = {
			isa = XCBuildConfiguration;
			buildSettings = {
				ARCHS = "$(ARCHS_STANDARD_32_BIT)";
				"CODE_SIGN_IDENTITY[sdk=iphoneos*]" = "iPhone Developer";
				GCC_C_LANGUAGE_STANDARD = gnu99;
				GCC_VERSION = com.apple.compilers.llvmgcc42;
				GCC_WARN_ABOUT_RETURN_TYPE = YES;
				GCC_WARN_UNUSED_VARIABLE = YES;
				IPHONEOS_DEPLOYMENT_TARGET = 4.3;
				OTHER_CFLAGS = "-DNS_BLOCK_ASSERTIONS=1";
				SDKROOT = iphoneos;
			};
			name = Release;
		};
		9327C118132EC47C00124B15 /* Debug */ = {
			isa = XCBuildConfiguration;
			buildSettings = {
				ALWAYS_SEARCH_USER_PATHS = NO;
				COPY_PHASE_STRIP = NO;
				GCC_DYNAMIC_NO_PIC = NO;
				GCC_PRECOMPILE_PREFIX_HEADER = YES;
				GCC_PREFIX_HEADER = "StackPanel/StackPanel-Prefix.pch";
				INFOPLIST_FILE = "StackPanel/StackPanel-Info.plist";
				PRODUCT_NAME = "$(TARGET_NAME)";
				WRAPPER_EXTENSION = app;
			};
			name = Debug;
		};
		9327C119132EC47C00124B15 /* Release */ = {
			isa = XCBuildConfiguration;
			buildSettings = {
				ALWAYS_SEARCH_USER_PATHS = NO;
				COPY_PHASE_STRIP = YES;
				GCC_PRECOMPILE_PREFIX_HEADER = YES;
				GCC_PREFIX_HEADER = "StackPanel/StackPanel-Prefix.pch";
				INFOPLIST_FILE = "StackPanel/StackPanel-Info.plist";
				PRODUCT_NAME = "$(TARGET_NAME)";
				VALIDATE_PRODUCT = YES;
				WRAPPER_EXTENSION = app;
			};
			name = Release;
		};
/* End XCBuildConfiguration section */

/* Begin XCConfigurationList section */
		9327C0F6132EC47B00124B15 /* Build configuration list for PBXProject "StackPanel" */ = {
			isa = XCConfigurationList;
			buildConfigurations = (
				9327C115132EC47C00124B15 /* Debug */,
				9327C116132EC47C00124B15 /* Release */,
			);
			defaultConfigurationIsVisible = 0;
			defaultConfigurationName = Release;
		};
		9327C117132EC47C00124B15 /* Build configuration list for PBXNativeTarget "StackPanel" */ = {
			isa = XCConfigurationList;
			buildConfigurations = (
				9327C118132EC47C00124B15 /* Debug */,
				9327C119132EC47C00124B15 /* Release */,
			);
			defaultConfigurationIsVisible = 0;
			defaultConfigurationName = Release;
		};
/* End XCConfigurationList section */
	};
	rootObject = 9327C0F3132EC47B00124B15 /* Project object */;
}
